
Microsoft Visual Studio Solution File, Format Version 12.00
# Visual Studio Version 17
VisualStudioVersion = 17.5.33516.290
MinimumVisualStudioVersion = 10.0.40219.1
Project("{FAE04EC0-301F-11D3-BF4B-00C04F79EFBC}") = "NelderMeadTest", "NelderMeadTest\NelderMeadTest.csproj", "{D7767147-A178-4625-AB27-39F2C46E26CC}"
EndProject
Global
	GlobalSection(SolutionConfigurationPlatforms) = preSolution
		Debug|Any CPU = Debug|Any CPU
		Release|Any CPU = Release|Any CPU
	EndGlobalSection
	GlobalSection(ProjectConfigurationPlatforms) = postSolution
		{D7767147-A178-4625-AB27-39F2C46E26CC}.Debug|Any CPU.ActiveCfg = Debug|Any CPU
		{D7767147-A178-4625-AB27-39F2C46E26CC}.Debug|Any CPU.Build.0 = Debug|Any CPU
		{D7767147-A178-4625-AB27-39F2C46E26CC}.Release|Any CPU.ActiveCfg = Release|Any CPU
		{D7767147-A178-4625-AB27-39F2C46E26CC}.Release|Any CPU.Build.0 = Release|Any CPU
	EndGlobalSection
	GlobalSection(SolutionProperties) = preSolution
		HideSolutionNode = FALSE
	EndGlobalSection
	GlobalSection(ExtensibilityGlobals) = postSolution
		SolutionGuid = {5BD639E2-14AD-49EE-8617-0362F044C37E}
	EndGlobalSection
EndGlobal
